// !$*UTF8*$!
{
	archiveVersion = 1;
	classes = {
	};
	objectVersion = 51;
	objects = {

/* Begin PBXBuildFile section */
		22AECB626BE8C709E4BDFFE4 /* Pods_HealiosTest.framework in Frameworks */ = {isa = PBXBuildFile; fileRef = F229E5E9212156EDB07D0310 /* Pods_HealiosTest.framework */; };
		7AD9231D795C76DF2D3920DA /* Pods_HealiosTestTests.framework in Frameworks */ = {isa = PBXBuildFile; fileRef = C523B1542CAA670786B3DE95 /* Pods_HealiosTestTests.framework */; };
		DF31920925319D3D003485C2 /* AppDelegate.swift in Sources */ = {isa = PBXBuildFile; fileRef = DF31920825319D3D003485C2 /* AppDelegate.swift */; };
		DF31921225319D40003485C2 /* Assets.xcassets in Resources */ = {isa = PBXBuildFile; fileRef = DF31921125319D40003485C2 /* Assets.xcassets */; };
		DF31921525319D40003485C2 /* LaunchScreen.storyboard in Resources */ = {isa = PBXBuildFile; fileRef = DF31921325319D40003485C2 /* LaunchScreen.storyboard */; };
		DF31922C25319F7F003485C2 /* AppCoordinator.swift in Sources */ = {isa = PBXBuildFile; fileRef = DF31922B25319F7F003485C2 /* AppCoordinator.swift */; };
		DF31922F25319FC9003485C2 /* Coordinator.swift in Sources */ = {isa = PBXBuildFile; fileRef = DF31922E25319FC9003485C2 /* Coordinator.swift */; };
		DF3192332531A042003485C2 /* RootCoordinator.swift in Sources */ = {isa = PBXBuildFile; fileRef = DF3192322531A042003485C2 /* RootCoordinator.swift */; };
		DF3192352531A083003485C2 /* RootViewController.swift in Sources */ = {isa = PBXBuildFile; fileRef = DF3192342531A083003485C2 /* RootViewController.swift */; };
		DF3192372531A090003485C2 /* RootViewModel.swift in Sources */ = {isa = PBXBuildFile; fileRef = DF3192362531A090003485C2 /* RootViewModel.swift */; };
		DF3192392531A09F003485C2 /* RootView.storyboard in Resources */ = {isa = PBXBuildFile; fileRef = DF3192382531A09F003485C2 /* RootView.storyboard */; };
		DF31923C2531A103003485C2 /* StoryboardInitiable.swift in Sources */ = {isa = PBXBuildFile; fileRef = DF31923B2531A103003485C2 /* StoryboardInitiable.swift */; };
		DF31923F2531A343003485C2 /* APIClient.swift in Sources */ = {isa = PBXBuildFile; fileRef = DF31923E2531A343003485C2 /* APIClient.swift */; };
		DF3192412531A37D003485C2 /* APIError.swift in Sources */ = {isa = PBXBuildFile; fileRef = DF3192402531A37D003485C2 /* APIError.swift */; };
		DF3192432531A3B8003485C2 /* APIConfiguration.swift in Sources */ = {isa = PBXBuildFile; fileRef = DF3192422531A3B8003485C2 /* APIConfiguration.swift */; };
		DF3192452531A3EB003485C2 /* OnResult.swift in Sources */ = {isa = PBXBuildFile; fileRef = DF3192442531A3EB003485C2 /* OnResult.swift */; };
		DF3192482531A40F003485C2 /* Constants.swift in Sources */ = {isa = PBXBuildFile; fileRef = DF3192472531A40F003485C2 /* Constants.swift */; };
		DF31924F2531AA07003485C2 /* PostRepository.swift in Sources */ = {isa = PBXBuildFile; fileRef = DF31924E2531AA07003485C2 /* PostRepository.swift */; };
		DF3192512531AB17003485C2 /* FetchPostsResponse.swift in Sources */ = {isa = PBXBuildFile; fileRef = DF3192502531AB17003485C2 /* FetchPostsResponse.swift */; };
		DF3192532531AC15003485C2 /* PostServiceRequest.swift in Sources */ = {isa = PBXBuildFile; fileRef = DF3192522531AC15003485C2 /* PostServiceRequest.swift */; };
		DF3192572531ADC6003485C2 /* UserRepository.swift in Sources */ = {isa = PBXBuildFile; fileRef = DF3192562531ADC6003485C2 /* UserRepository.swift */; };
		DF31925A2531AE19003485C2 /* FetchUsersResponse.swift in Sources */ = {isa = PBXBuildFile; fileRef = DF3192592531AE19003485C2 /* FetchUsersResponse.swift */; };
		DF31925C2531AEEA003485C2 /* UserServiceRequest.swift in Sources */ = {isa = PBXBuildFile; fileRef = DF31925B2531AEEA003485C2 /* UserServiceRequest.swift */; };
		DF31925F2531AF90003485C2 /* CommentRepository.swift in Sources */ = {isa = PBXBuildFile; fileRef = DF31925E2531AF90003485C2 /* CommentRepository.swift */; };
		DF3192622531B02C003485C2 /* FetchCommentsResponse.swift in Sources */ = {isa = PBXBuildFile; fileRef = DF3192612531B02C003485C2 /* FetchCommentsResponse.swift */; };
		DF3192642531B096003485C2 /* CommentServiceRequest.swift in Sources */ = {isa = PBXBuildFile; fileRef = DF3192632531B096003485C2 /* CommentServiceRequest.swift */; };
		DF3192682531B1D7003485C2 /* PostServiceRequestTests.swift in Sources */ = {isa = PBXBuildFile; fileRef = DF3192672531B1D6003485C2 /* PostServiceRequestTests.swift */; };
		DF31926B2531B3D1003485C2 /* UseerServiceRequestTests.swift in Sources */ = {isa = PBXBuildFile; fileRef = DF31926A2531B3D1003485C2 /* UseerServiceRequestTests.swift */; };
		DF31926E2531B4A7003485C2 /* CommentServiceRequestTests.swift in Sources */ = {isa = PBXBuildFile; fileRef = DF31926D2531B4A7003485C2 /* CommentServiceRequestTests.swift */; };
		DF3192712531BBC8003485C2 /* Comment.swift in Sources */ = {isa = PBXBuildFile; fileRef = DF3192702531BBC8003485C2 /* Comment.swift */; };
		DF3192732531BBD3003485C2 /* User.swift in Sources */ = {isa = PBXBuildFile; fileRef = DF3192722531BBD3003485C2 /* User.swift */; };
		DF3192752531BBDC003485C2 /* Post.swift in Sources */ = {isa = PBXBuildFile; fileRef = DF3192742531BBDC003485C2 /* Post.swift */; };
		DF3192782531BCCD003485C2 /* FetchCommentsResponse+mapper.swift in Sources */ = {isa = PBXBuildFile; fileRef = DF3192772531BCCD003485C2 /* FetchCommentsResponse+mapper.swift */; };
		DF31927B2531BD62003485C2 /* FetchUserResponse+mapper.swift in Sources */ = {isa = PBXBuildFile; fileRef = DF31927A2531BD62003485C2 /* FetchUserResponse+mapper.swift */; };
		DF31927E2531BDD1003485C2 /* FetchPostsResponse+mapper.swift in Sources */ = {isa = PBXBuildFile; fileRef = DF31927D2531BDD1003485C2 /* FetchPostsResponse+mapper.swift */; };
/* End PBXBuildFile section */

/* Begin PBXContainerItemProxy section */
		DF31921C25319D40003485C2 /* PBXContainerItemProxy */ = {
			isa = PBXContainerItemProxy;
			containerPortal = DF3191FD25319D3D003485C2 /* Project object */;
			proxyType = 1;
			remoteGlobalIDString = DF31920425319D3D003485C2;
			remoteInfo = HealiosTest;
		};
/* End PBXContainerItemProxy section */

/* Begin PBXFileReference section */
		6942292C10E5062656B3C709 /* Pods-HealiosTestTests.debug.xcconfig */ = {isa = PBXFileReference; includeInIndex = 1; lastKnownFileType = text.xcconfig; name = "Pods-HealiosTestTests.debug.xcconfig"; path = "Target Support Files/Pods-HealiosTestTests/Pods-HealiosTestTests.debug.xcconfig"; sourceTree = "<group>"; };
		9BC2941FA773630CC8A9E12F /* Pods-HealiosTest.release.xcconfig */ = {isa = PBXFileReference; includeInIndex = 1; lastKnownFileType = text.xcconfig; name = "Pods-HealiosTest.release.xcconfig"; path = "Target Support Files/Pods-HealiosTest/Pods-HealiosTest.release.xcconfig"; sourceTree = "<group>"; };
		C523B1542CAA670786B3DE95 /* Pods_HealiosTestTests.framework */ = {isa = PBXFileReference; explicitFileType = wrapper.framework; includeInIndex = 0; path = Pods_HealiosTestTests.framework; sourceTree = BUILT_PRODUCTS_DIR; };
		D9FBF9C0564222C76DFF1F2D /* Pods-HealiosTest.debug.xcconfig */ = {isa = PBXFileReference; includeInIndex = 1; lastKnownFileType = text.xcconfig; name = "Pods-HealiosTest.debug.xcconfig"; path = "Target Support Files/Pods-HealiosTest/Pods-HealiosTest.debug.xcconfig"; sourceTree = "<group>"; };
		DF31920525319D3D003485C2 /* HealiosTest.app */ = {isa = PBXFileReference; explicitFileType = wrapper.application; includeInIndex = 0; path = HealiosTest.app; sourceTree = BUILT_PRODUCTS_DIR; };
		DF31920825319D3D003485C2 /* AppDelegate.swift */ = {isa = PBXFileReference; lastKnownFileType = sourcecode.swift; path = AppDelegate.swift; sourceTree = "<group>"; };
		DF31921125319D40003485C2 /* Assets.xcassets */ = {isa = PBXFileReference; lastKnownFileType = folder.assetcatalog; path = Assets.xcassets; sourceTree = "<group>"; };
		DF31921425319D40003485C2 /* Base */ = {isa = PBXFileReference; lastKnownFileType = file.storyboard; name = Base; path = Base.lproj/LaunchScreen.storyboard; sourceTree = "<group>"; };
		DF31921625319D40003485C2 /* Info.plist */ = {isa = PBXFileReference; lastKnownFileType = text.plist.xml; path = Info.plist; sourceTree = "<group>"; };
		DF31921B25319D40003485C2 /* HealiosTestTests.xctest */ = {isa = PBXFileReference; explicitFileType = wrapper.cfbundle; includeInIndex = 0; path = HealiosTestTests.xctest; sourceTree = BUILT_PRODUCTS_DIR; };
		DF31922125319D40003485C2 /* Info.plist */ = {isa = PBXFileReference; lastKnownFileType = text.plist.xml; path = Info.plist; sourceTree = "<group>"; };
		DF31922B25319F7F003485C2 /* AppCoordinator.swift */ = {isa = PBXFileReference; lastKnownFileType = sourcecode.swift; path = AppCoordinator.swift; sourceTree = "<group>"; };
		DF31922E25319FC9003485C2 /* Coordinator.swift */ = {isa = PBXFileReference; lastKnownFileType = sourcecode.swift; path = Coordinator.swift; sourceTree = "<group>"; };
		DF3192322531A042003485C2 /* RootCoordinator.swift */ = {isa = PBXFileReference; lastKnownFileType = sourcecode.swift; path = RootCoordinator.swift; sourceTree = "<group>"; };
		DF3192342531A083003485C2 /* RootViewController.swift */ = {isa = PBXFileReference; lastKnownFileType = sourcecode.swift; path = RootViewController.swift; sourceTree = "<group>"; };
		DF3192362531A090003485C2 /* RootViewModel.swift */ = {isa = PBXFileReference; lastKnownFileType = sourcecode.swift; path = RootViewModel.swift; sourceTree = "<group>"; };
		DF3192382531A09F003485C2 /* RootView.storyboard */ = {isa = PBXFileReference; lastKnownFileType = file.storyboard; path = RootView.storyboard; sourceTree = "<group>"; };
		DF31923B2531A103003485C2 /* StoryboardInitiable.swift */ = {isa = PBXFileReference; lastKnownFileType = sourcecode.swift; path = StoryboardInitiable.swift; sourceTree = "<group>"; };
		DF31923E2531A343003485C2 /* APIClient.swift */ = {isa = PBXFileReference; lastKnownFileType = sourcecode.swift; path = APIClient.swift; sourceTree = "<group>"; };
		DF3192402531A37D003485C2 /* APIError.swift */ = {isa = PBXFileReference; lastKnownFileType = sourcecode.swift; path = APIError.swift; sourceTree = "<group>"; };
		DF3192422531A3B8003485C2 /* APIConfiguration.swift */ = {isa = PBXFileReference; lastKnownFileType = sourcecode.swift; path = APIConfiguration.swift; sourceTree = "<group>"; };
		DF3192442531A3EB003485C2 /* OnResult.swift */ = {isa = PBXFileReference; lastKnownFileType = sourcecode.swift; path = OnResult.swift; sourceTree = "<group>"; };
		DF3192472531A40F003485C2 /* Constants.swift */ = {isa = PBXFileReference; lastKnownFileType = sourcecode.swift; path = Constants.swift; sourceTree = "<group>"; };
		DF31924E2531AA07003485C2 /* PostRepository.swift */ = {isa = PBXFileReference; lastKnownFileType = sourcecode.swift; path = PostRepository.swift; sourceTree = "<group>"; };
		DF3192502531AB17003485C2 /* FetchPostsResponse.swift */ = {isa = PBXFileReference; lastKnownFileType = sourcecode.swift; path = FetchPostsResponse.swift; sourceTree = "<group>"; };
		DF3192522531AC15003485C2 /* PostServiceRequest.swift */ = {isa = PBXFileReference; lastKnownFileType = sourcecode.swift; path = PostServiceRequest.swift; sourceTree = "<group>"; };
		DF3192562531ADC6003485C2 /* UserRepository.swift */ = {isa = PBXFileReference; lastKnownFileType = sourcecode.swift; path = UserRepository.swift; sourceTree = "<group>"; };
		DF3192592531AE19003485C2 /* FetchUsersResponse.swift */ = {isa = PBXFileReference; lastKnownFileType = sourcecode.swift; path = FetchUsersResponse.swift; sourceTree = "<group>"; };
		DF31925B2531AEEA003485C2 /* UserServiceRequest.swift */ = {isa = PBXFileReference; lastKnownFileType = sourcecode.swift; path = UserServiceRequest.swift; sourceTree = "<group>"; };
		DF31925E2531AF90003485C2 /* CommentRepository.swift */ = {isa = PBXFileReference; lastKnownFileType = sourcecode.swift; path = CommentRepository.swift; sourceTree = "<group>"; };
		DF3192612531B02C003485C2 /* FetchCommentsResponse.swift */ = {isa = PBXFileReference; lastKnownFileType = sourcecode.swift; path = FetchCommentsResponse.swift; sourceTree = "<group>"; };
		DF3192632531B096003485C2 /* CommentServiceRequest.swift */ = {isa = PBXFileReference; lastKnownFileType = sourcecode.swift; path = CommentServiceRequest.swift; sourceTree = "<group>"; };
		DF3192672531B1D6003485C2 /* PostServiceRequestTests.swift */ = {isa = PBXFileReference; lastKnownFileType = sourcecode.swift; path = PostServiceRequestTests.swift; sourceTree = "<group>"; };
		DF31926A2531B3D1003485C2 /* UseerServiceRequestTests.swift */ = {isa = PBXFileReference; lastKnownFileType = sourcecode.swift; path = UseerServiceRequestTests.swift; sourceTree = "<group>"; };
		DF31926D2531B4A7003485C2 /* CommentServiceRequestTests.swift */ = {isa = PBXFileReference; lastKnownFileType = sourcecode.swift; path = CommentServiceRequestTests.swift; sourceTree = "<group>"; };
		DF3192702531BBC8003485C2 /* Comment.swift */ = {isa = PBXFileReference; lastKnownFileType = sourcecode.swift; path = Comment.swift; sourceTree = "<group>"; };
		DF3192722531BBD3003485C2 /* User.swift */ = {isa = PBXFileReference; lastKnownFileType = sourcecode.swift; path = User.swift; sourceTree = "<group>"; };
		DF3192742531BBDC003485C2 /* Post.swift */ = {isa = PBXFileReference; lastKnownFileType = sourcecode.swift; path = Post.swift; sourceTree = "<group>"; };
		DF3192772531BCCD003485C2 /* FetchCommentsResponse+mapper.swift */ = {isa = PBXFileReference; lastKnownFileType = sourcecode.swift; path = "FetchCommentsResponse+mapper.swift"; sourceTree = "<group>"; };
		DF31927A2531BD62003485C2 /* FetchUserResponse+mapper.swift */ = {isa = PBXFileReference; lastKnownFileType = sourcecode.swift; path = "FetchUserResponse+mapper.swift"; sourceTree = "<group>"; };
		DF31927D2531BDD1003485C2 /* FetchPostsResponse+mapper.swift */ = {isa = PBXFileReference; lastKnownFileType = sourcecode.swift; path = "FetchPostsResponse+mapper.swift"; sourceTree = "<group>"; };
		F229E5E9212156EDB07D0310 /* Pods_HealiosTest.framework */ = {isa = PBXFileReference; explicitFileType = wrapper.framework; includeInIndex = 0; path = Pods_HealiosTest.framework; sourceTree = BUILT_PRODUCTS_DIR; };
		F9DF294F19407CFFE698F8CF /* Pods-HealiosTestTests.release.xcconfig */ = {isa = PBXFileReference; includeInIndex = 1; lastKnownFileType = text.xcconfig; name = "Pods-HealiosTestTests.release.xcconfig"; path = "Target Support Files/Pods-HealiosTestTests/Pods-HealiosTestTests.release.xcconfig"; sourceTree = "<group>"; };
/* End PBXFileReference section */

/* Begin PBXFrameworksBuildPhase section */
		DF31920225319D3D003485C2 /* Frameworks */ = {
			isa = PBXFrameworksBuildPhase;
			buildActionMask = 2147483647;
			files = (
				22AECB626BE8C709E4BDFFE4 /* Pods_HealiosTest.framework in Frameworks */,
			);
			runOnlyForDeploymentPostprocessing = 0;
		};
		DF31921825319D40003485C2 /* Frameworks */ = {
			isa = PBXFrameworksBuildPhase;
			buildActionMask = 2147483647;
			files = (
				7AD9231D795C76DF2D3920DA /* Pods_HealiosTestTests.framework in Frameworks */,
			);
			runOnlyForDeploymentPostprocessing = 0;
		};
/* End PBXFrameworksBuildPhase section */

/* Begin PBXGroup section */
		259F1B2D118C7BC08F48A5F3 /* Frameworks */ = {
			isa = PBXGroup;
			children = (
				F229E5E9212156EDB07D0310 /* Pods_HealiosTest.framework */,
				C523B1542CAA670786B3DE95 /* Pods_HealiosTestTests.framework */,
			);
			name = Frameworks;
			sourceTree = "<group>";
		};
		DF3191FC25319D3D003485C2 = {
			isa = PBXGroup;
			children = (
				DF31920725319D3D003485C2 /* HealiosTest */,
				DF31921E25319D40003485C2 /* HealiosTestTests */,
				DF31920625319D3D003485C2 /* Products */,
				F3C0EBBC34295384546FFE14 /* Pods */,
				259F1B2D118C7BC08F48A5F3 /* Frameworks */,
			);
			sourceTree = "<group>";
		};
		DF31920625319D3D003485C2 /* Products */ = {
			isa = PBXGroup;
			children = (
				DF31920525319D3D003485C2 /* HealiosTest.app */,
				DF31921B25319D40003485C2 /* HealiosTestTests.xctest */,
			);
			name = Products;
			sourceTree = "<group>";
		};
		DF31920725319D3D003485C2 /* HealiosTest */ = {
			isa = PBXGroup;
			children = (
				DF31926F2531BBAF003485C2 /* Model */,
				DF31924C2531A9CB003485C2 /* Repositories */,
				DF31923D2531A31D003485C2 /* Networking */,
				DF31923A2531A0ED003485C2 /* Helpers */,
				DF3192302531A01E003485C2 /* Scenes */,
				DF31922D25319FB6003485C2 /* Base */,
				DF31922A25319F62003485C2 /* Bootstrap */,
				DF31921125319D40003485C2 /* Assets.xcassets */,
				DF31921325319D40003485C2 /* LaunchScreen.storyboard */,
				DF31921625319D40003485C2 /* Info.plist */,
			);
			path = HealiosTest;
			sourceTree = "<group>";
		};
		DF31921E25319D40003485C2 /* HealiosTestTests */ = {
			isa = PBXGroup;
			children = (
				DF3192652531B152003485C2 /* Repositories */,
				DF31922125319D40003485C2 /* Info.plist */,
			);
			path = HealiosTestTests;
			sourceTree = "<group>";
		};
		DF31922A25319F62003485C2 /* Bootstrap */ = {
			isa = PBXGroup;
			children = (
				DF31920825319D3D003485C2 /* AppDelegate.swift */,
				DF31922B25319F7F003485C2 /* AppCoordinator.swift */,
			);
			path = Bootstrap;
			sourceTree = "<group>";
		};
		DF31922D25319FB6003485C2 /* Base */ = {
			isa = PBXGroup;
			children = (
				DF31922E25319FC9003485C2 /* Coordinator.swift */,
			);
			path = Base;
			sourceTree = "<group>";
		};
		DF3192302531A01E003485C2 /* Scenes */ = {
			isa = PBXGroup;
			children = (
				DF3192312531A02F003485C2 /* Root */,
			);
			path = Scenes;
			sourceTree = "<group>";
		};
		DF3192312531A02F003485C2 /* Root */ = {
			isa = PBXGroup;
			children = (
				DF3192322531A042003485C2 /* RootCoordinator.swift */,
				DF3192342531A083003485C2 /* RootViewController.swift */,
				DF3192362531A090003485C2 /* RootViewModel.swift */,
				DF3192382531A09F003485C2 /* RootView.storyboard */,
			);
			path = Root;
			sourceTree = "<group>";
		};
		DF31923A2531A0ED003485C2 /* Helpers */ = {
			isa = PBXGroup;
			children = (
				DF31923B2531A103003485C2 /* StoryboardInitiable.swift */,
				DF3192472531A40F003485C2 /* Constants.swift */,
			);
			path = Helpers;
			sourceTree = "<group>";
		};
		DF31923D2531A31D003485C2 /* Networking */ = {
			isa = PBXGroup;
			children = (
				DF31923E2531A343003485C2 /* APIClient.swift */,
				DF3192402531A37D003485C2 /* APIError.swift */,
				DF3192422531A3B8003485C2 /* APIConfiguration.swift */,
				DF3192442531A3EB003485C2 /* OnResult.swift */,
			);
			path = Networking;
			sourceTree = "<group>";
		};
		DF31924C2531A9CB003485C2 /* Repositories */ = {
			isa = PBXGroup;
			children = (
				DF31925D2531AF56003485C2 /* Comment */,
				DF3192552531ADA7003485C2 /* User */,
				DF31924D2531A9F0003485C2 /* Post */,
			);
			path = Repositories;
			sourceTree = "<group>";
		};
		DF31924D2531A9F0003485C2 /* Post */ = {
			isa = PBXGroup;
			children = (
				DF31927C2531BDAD003485C2 /* Mappers */,
				DF3192542531AD63003485C2 /* Responses */,
				DF31924E2531AA07003485C2 /* PostRepository.swift */,
				DF3192522531AC15003485C2 /* PostServiceRequest.swift */,
			);
			path = Post;
			sourceTree = "<group>";
		};
		DF3192542531AD63003485C2 /* Responses */ = {
			isa = PBXGroup;
			children = (
				DF3192502531AB17003485C2 /* FetchPostsResponse.swift */,
			);
			path = Responses;
			sourceTree = "<group>";
		};
		DF3192552531ADA7003485C2 /* User */ = {
			isa = PBXGroup;
			children = (
				DF3192792531BD2E003485C2 /* Mappers */,
				DF3192582531AE09003485C2 /* Responses */,
				DF3192562531ADC6003485C2 /* UserRepository.swift */,
				DF31925B2531AEEA003485C2 /* UserServiceRequest.swift */,
			);
			path = User;
			sourceTree = "<group>";
		};
		DF3192582531AE09003485C2 /* Responses */ = {
			isa = PBXGroup;
			children = (
				DF3192592531AE19003485C2 /* FetchUsersResponse.swift */,
			);
			path = Responses;
			sourceTree = "<group>";
		};
		DF31925D2531AF56003485C2 /* Comment */ = {
			isa = PBXGroup;
			children = (
				DF3192762531BC89003485C2 /* Mappers */,
				DF3192602531B005003485C2 /* Responses */,
				DF31925E2531AF90003485C2 /* CommentRepository.swift */,
				DF3192632531B096003485C2 /* CommentServiceRequest.swift */,
			);
			path = Comment;
			sourceTree = "<group>";
		};
		DF3192602531B005003485C2 /* Responses */ = {
			isa = PBXGroup;
			children = (
				DF3192612531B02C003485C2 /* FetchCommentsResponse.swift */,
			);
			path = Responses;
			sourceTree = "<group>";
		};
		DF3192652531B152003485C2 /* Repositories */ = {
			isa = PBXGroup;
			children = (
				DF31926C2531B47A003485C2 /* Comment */,
				DF3192692531B3AD003485C2 /* User */,
				DF3192662531B16D003485C2 /* Post */,
			);
			path = Repositories;
			sourceTree = "<group>";
		};
		DF3192662531B16D003485C2 /* Post */ = {
			isa = PBXGroup;
			children = (
				DF3192672531B1D6003485C2 /* PostServiceRequestTests.swift */,
			);
			path = Post;
			sourceTree = "<group>";
		};
		DF3192692531B3AD003485C2 /* User */ = {
			isa = PBXGroup;
			children = (
				DF31926A2531B3D1003485C2 /* UseerServiceRequestTests.swift */,
			);
			path = User;
			sourceTree = "<group>";
		};
		DF31926C2531B47A003485C2 /* Comment */ = {
			isa = PBXGroup;
			children = (
				DF31926D2531B4A7003485C2 /* CommentServiceRequestTests.swift */,
			);
			path = Comment;
			sourceTree = "<group>";
		};
		DF31926F2531BBAF003485C2 /* Model */ = {
			isa = PBXGroup;
			children = (
				DF3192702531BBC8003485C2 /* Comment.swift */,
				DF3192722531BBD3003485C2 /* User.swift */,
				DF3192742531BBDC003485C2 /* Post.swift */,
			);
			path = Model;
			sourceTree = "<group>";
		};
		DF3192762531BC89003485C2 /* Mappers */ = {
			isa = PBXGroup;
			children = (
				DF3192772531BCCD003485C2 /* FetchCommentsResponse+mapper.swift */,
			);
			path = Mappers;
			sourceTree = "<group>";
		};
		DF3192792531BD2E003485C2 /* Mappers */ = {
			isa = PBXGroup;
			children = (
				DF31927A2531BD62003485C2 /* FetchUserResponse+mapper.swift */,
			);
			path = Mappers;
			sourceTree = "<group>";
		};
		DF31927C2531BDAD003485C2 /* Mappers */ = {
			isa = PBXGroup;
			children = (
				DF31927D2531BDD1003485C2 /* FetchPostsResponse+mapper.swift */,
			);
			path = Mappers;
			sourceTree = "<group>";
		};
		F3C0EBBC34295384546FFE14 /* Pods */ = {
			isa = PBXGroup;
			children = (
				D9FBF9C0564222C76DFF1F2D /* Pods-HealiosTest.debug.xcconfig */,
				9BC2941FA773630CC8A9E12F /* Pods-HealiosTest.release.xcconfig */,
				6942292C10E5062656B3C709 /* Pods-HealiosTestTests.debug.xcconfig */,
				F9DF294F19407CFFE698F8CF /* Pods-HealiosTestTests.release.xcconfig */,
			);
			path = Pods;
			sourceTree = "<group>";
		};
/* End PBXGroup section */

/* Begin PBXNativeTarget section */
		DF31920425319D3D003485C2 /* HealiosTest */ = {
			isa = PBXNativeTarget;
			buildConfigurationList = DF31922425319D40003485C2 /* Build configuration list for PBXNativeTarget "HealiosTest" */;
			buildPhases = (
				913F378F0DA214A162D13373 /* [CP] Check Pods Manifest.lock */,
				DF31920125319D3D003485C2 /* Sources */,
				DF31920225319D3D003485C2 /* Frameworks */,
				DF31920325319D3D003485C2 /* Resources */,
				5AF5D2D79A176A03E0DCAA53 /* [CP] Embed Pods Frameworks */,
			);
			buildRules = (
			);
			dependencies = (
			);
			name = HealiosTest;
			productName = HealiosTest;
			productReference = DF31920525319D3D003485C2 /* HealiosTest.app */;
			productType = "com.apple.product-type.application";
		};
		DF31921A25319D40003485C2 /* HealiosTestTests */ = {
			isa = PBXNativeTarget;
			buildConfigurationList = DF31922725319D40003485C2 /* Build configuration list for PBXNativeTarget "HealiosTestTests" */;
			buildPhases = (
				22213C46B923BC14DE15ABCF /* [CP] Check Pods Manifest.lock */,
				DF31921725319D40003485C2 /* Sources */,
				DF31921825319D40003485C2 /* Frameworks */,
				DF31921925319D40003485C2 /* Resources */,
			);
			buildRules = (
			);
			dependencies = (
				DF31921D25319D40003485C2 /* PBXTargetDependency */,
			);
			name = HealiosTestTests;
			productName = HealiosTestTests;
			productReference = DF31921B25319D40003485C2 /* HealiosTestTests.xctest */;
			productType = "com.apple.product-type.bundle.unit-test";
		};
/* End PBXNativeTarget section */

/* Begin PBXProject section */
		DF3191FD25319D3D003485C2 /* Project object */ = {
			isa = PBXProject;
			attributes = {
				LastSwiftUpdateCheck = 1160;
				LastUpgradeCheck = 1160;
				ORGANIZATIONNAME = "Eugenio Barquín";
				TargetAttributes = {
					DF31920425319D3D003485C2 = {
						CreatedOnToolsVersion = 11.6;
					};
					DF31921A25319D40003485C2 = {
						CreatedOnToolsVersion = 11.6;
						TestTargetID = DF31920425319D3D003485C2;
					};
				};
			};
			buildConfigurationList = DF31920025319D3D003485C2 /* Build configuration list for PBXProject "HealiosTest" */;
			compatibilityVersion = "Xcode 9.3";
			developmentRegion = en;
			hasScannedForEncodings = 0;
			knownRegions = (
				en,
				Base,
			);
			mainGroup = DF3191FC25319D3D003485C2;
			productRefGroup = DF31920625319D3D003485C2 /* Products */;
			projectDirPath = "";
			projectRoot = "";
			targets = (
				DF31920425319D3D003485C2 /* HealiosTest */,
				DF31921A25319D40003485C2 /* HealiosTestTests */,
			);
		};
/* End PBXProject section */

/* Begin PBXResourcesBuildPhase section */
		DF31920325319D3D003485C2 /* Resources */ = {
			isa = PBXResourcesBuildPhase;
			buildActionMask = 2147483647;
			files = (
				DF31921525319D40003485C2 /* LaunchScreen.storyboard in Resources */,
				DF3192392531A09F003485C2 /* RootView.storyboard in Resources */,
				DF31921225319D40003485C2 /* Assets.xcassets in Resources */,
			);
			runOnlyForDeploymentPostprocessing = 0;
		};
		DF31921925319D40003485C2 /* Resources */ = {
			isa = PBXResourcesBuildPhase;
			buildActionMask = 2147483647;
			files = (
			);
			runOnlyForDeploymentPostprocessing = 0;
		};
/* End PBXResourcesBuildPhase section */

/* Begin PBXShellScriptBuildPhase section */
		22213C46B923BC14DE15ABCF /* [CP] Check Pods Manifest.lock */ = {
			isa = PBXShellScriptBuildPhase;
			buildActionMask = 2147483647;
			files = (
			);
			inputFileListPaths = (
			);
			inputPaths = (
				"${PODS_PODFILE_DIR_PATH}/Podfile.lock",
				"${PODS_ROOT}/Manifest.lock",
			);
			name = "[CP] Check Pods Manifest.lock";
			outputFileListPaths = (
			);
			outputPaths = (
				"$(DERIVED_FILE_DIR)/Pods-HealiosTestTests-checkManifestLockResult.txt",
			);
			runOnlyForDeploymentPostprocessing = 0;
			shellPath = /bin/sh;
			shellScript = "diff \"${PODS_PODFILE_DIR_PATH}/Podfile.lock\" \"${PODS_ROOT}/Manifest.lock\" > /dev/null\nif [ $? != 0 ] ; then\n    # print error to STDERR\n    echo \"error: The sandbox is not in sync with the Podfile.lock. Run 'pod install' or update your CocoaPods installation.\" >&2\n    exit 1\nfi\n# This output is used by Xcode 'outputs' to avoid re-running this script phase.\necho \"SUCCESS\" > \"${SCRIPT_OUTPUT_FILE_0}\"\n";
			showEnvVarsInLog = 0;
		};
		5AF5D2D79A176A03E0DCAA53 /* [CP] Embed Pods Frameworks */ = {
			isa = PBXShellScriptBuildPhase;
			buildActionMask = 2147483647;
			files = (
			);
			inputFileListPaths = (
				"${PODS_ROOT}/Target Support Files/Pods-HealiosTest/Pods-HealiosTest-frameworks-${CONFIGURATION}-input-files.xcfilelist",
			);
			name = "[CP] Embed Pods Frameworks";
			outputFileListPaths = (
				"${PODS_ROOT}/Target Support Files/Pods-HealiosTest/Pods-HealiosTest-frameworks-${CONFIGURATION}-output-files.xcfilelist",
			);
			runOnlyForDeploymentPostprocessing = 0;
			shellPath = /bin/sh;
			shellScript = "\"${PODS_ROOT}/Target Support Files/Pods-HealiosTest/Pods-HealiosTest-frameworks.sh\"\n";
			showEnvVarsInLog = 0;
		};
		913F378F0DA214A162D13373 /* [CP] Check Pods Manifest.lock */ = {
			isa = PBXShellScriptBuildPhase;
			buildActionMask = 2147483647;
			files = (
			);
			inputFileListPaths = (
			);
			inputPaths = (
				"${PODS_PODFILE_DIR_PATH}/Podfile.lock",
				"${PODS_ROOT}/Manifest.lock",
			);
			name = "[CP] Check Pods Manifest.lock";
			outputFileListPaths = (
			);
			outputPaths = (
				"$(DERIVED_FILE_DIR)/Pods-HealiosTest-checkManifestLockResult.txt",
			);
			runOnlyForDeploymentPostprocessing = 0;
			shellPath = /bin/sh;
			shellScript = "diff \"${PODS_PODFILE_DIR_PATH}/Podfile.lock\" \"${PODS_ROOT}/Manifest.lock\" > /dev/null\nif [ $? != 0 ] ; then\n    # print error to STDERR\n    echo \"error: The sandbox is not in sync with the Podfile.lock. Run 'pod install' or update your CocoaPods installation.\" >&2\n    exit 1\nfi\n# This output is used by Xcode 'outputs' to avoid re-running this script phase.\necho \"SUCCESS\" > \"${SCRIPT_OUTPUT_FILE_0}\"\n";
			showEnvVarsInLog = 0;
		};
/* End PBXShellScriptBuildPhase section */

/* Begin PBXSourcesBuildPhase section */
		DF31920125319D3D003485C2 /* Sources */ = {
			isa = PBXSourcesBuildPhase;
			buildActionMask = 2147483647;
			files = (
				DF31922F25319FC9003485C2 /* Coordinator.swift in Sources */,
				DF3192372531A090003485C2 /* RootViewModel.swift in Sources */,
				DF31925F2531AF90003485C2 /* CommentRepository.swift in Sources */,
				DF3192752531BBDC003485C2 /* Post.swift in Sources */,
				DF31922C25319F7F003485C2 /* AppCoordinator.swift in Sources */,
				DF31927E2531BDD1003485C2 /* FetchPostsResponse+mapper.swift in Sources */,
				DF3192512531AB17003485C2 /* FetchPostsResponse.swift in Sources */,
				DF3192622531B02C003485C2 /* FetchCommentsResponse.swift in Sources */,
				DF3192532531AC15003485C2 /* PostServiceRequest.swift in Sources */,
				DF3192412531A37D003485C2 /* APIError.swift in Sources */,
				DF31927B2531BD62003485C2 /* FetchUserResponse+mapper.swift in Sources */,
				DF31924F2531AA07003485C2 /* PostRepository.swift in Sources */,
				DF3192712531BBC8003485C2 /* Comment.swift in Sources */,
				DF3192642531B096003485C2 /* CommentServiceRequest.swift in Sources */,
				DF3192352531A083003485C2 /* RootViewController.swift in Sources */,
				DF3192332531A042003485C2 /* RootCoordinator.swift in Sources */,
				DF3192482531A40F003485C2 /* Constants.swift in Sources */,
				DF31925C2531AEEA003485C2 /* UserServiceRequest.swift in Sources */,
				DF3192432531A3B8003485C2 /* APIConfiguration.swift in Sources */,
				DF31923C2531A103003485C2 /* StoryboardInitiable.swift in Sources */,
				DF3192452531A3EB003485C2 /* OnResult.swift in Sources */,
				DF3192782531BCCD003485C2 /* FetchCommentsResponse+mapper.swift in Sources */,
				DF31920925319D3D003485C2 /* AppDelegate.swift in Sources */,
				DF31925A2531AE19003485C2 /* FetchUsersResponse.swift in Sources */,
				DF3192572531ADC6003485C2 /* UserRepository.swift in Sources */,
				DF31923F2531A343003485C2 /* APIClient.swift in Sources */,
				DF3192732531BBD3003485C2 /* User.swift in Sources */,
			);
			runOnlyForDeploymentPostprocessing = 0;
		};
		DF31921725319D40003485C2 /* Sources */ = {
			isa = PBXSourcesBuildPhase;
			buildActionMask = 2147483647;
			files = (
				DF31926B2531B3D1003485C2 /* UseerServiceRequestTests.swift in Sources */,
				DF31926E2531B4A7003485C2 /* CommentServiceRequestTests.swift in Sources */,
				DF3192682531B1D7003485C2 /* PostServiceRequestTests.swift in Sources */,
			);
			runOnlyForDeploymentPostprocessing = 0;
		};
/* End PBXSourcesBuildPhase section */

/* Begin PBXTargetDependency section */
		DF31921D25319D40003485C2 /* PBXTargetDependency */ = {
			isa = PBXTargetDependency;
			target = DF31920425319D3D003485C2 /* HealiosTest */;
			targetProxy = DF31921C25319D40003485C2 /* PBXContainerItemProxy */;
		};
/* End PBXTargetDependency section */

/* Begin PBXVariantGroup section */
		DF31921325319D40003485C2 /* LaunchScreen.storyboard */ = {
			isa = PBXVariantGroup;
			children = (
				DF31921425319D40003485C2 /* Base */,
			);
			name = LaunchScreen.storyboard;
			sourceTree = "<group>";
		};
/* End PBXVariantGroup section */

/* Begin XCBuildConfiguration section */
		DF31922225319D40003485C2 /* Debug */ = {
			isa = XCBuildConfiguration;
			buildSettings = {
				ALWAYS_SEARCH_USER_PATHS = NO;
				CLANG_ANALYZER_NONNULL = YES;
				CLANG_ANALYZER_NUMBER_OBJECT_CONVERSION = YES_AGGRESSIVE;
				CLANG_CXX_LANGUAGE_STANDARD = "gnu++14";
				CLANG_CXX_LIBRARY = "libc++";
				CLANG_ENABLE_MODULES = YES;
				CLANG_ENABLE_OBJC_ARC = YES;
				CLANG_ENABLE_OBJC_WEAK = YES;
				CLANG_WARN_BLOCK_CAPTURE_AUTORELEASING = YES;
				CLANG_WARN_BOOL_CONVERSION = YES;
				CLANG_WARN_COMMA = YES;
				CLANG_WARN_CONSTANT_CONVERSION = YES;
				CLANG_WARN_DEPRECATED_OBJC_IMPLEMENTATIONS = YES;
				CLANG_WARN_DIRECT_OBJC_ISA_USAGE = YES_ERROR;
				CLANG_WARN_DOCUMENTATION_COMMENTS = YES;
				CLANG_WARN_EMPTY_BODY = YES;
				CLANG_WARN_ENUM_CONVERSION = YES;
				CLANG_WARN_INFINITE_RECURSION = YES;
				CLANG_WARN_INT_CONVERSION = YES;
				CLANG_WARN_NON_LITERAL_NULL_CONVERSION = YES;
				CLANG_WARN_OBJC_IMPLICIT_RETAIN_SELF = YES;
				CLANG_WARN_OBJC_LITERAL_CONVERSION = YES;
				CLANG_WARN_OBJC_ROOT_CLASS = YES_ERROR;
				CLANG_WARN_RANGE_LOOP_ANALYSIS = YES;
				CLANG_WARN_STRICT_PROTOTYPES = YES;
				CLANG_WARN_SUSPICIOUS_MOVE = YES;
				CLANG_WARN_UNGUARDED_AVAILABILITY = YES_AGGRESSIVE;
				CLANG_WARN_UNREACHABLE_CODE = YES;
				CLANG_WARN__DUPLICATE_METHOD_MATCH = YES;
				COPY_PHASE_STRIP = NO;
				DEBUG_INFORMATION_FORMAT = dwarf;
				ENABLE_STRICT_OBJC_MSGSEND = YES;
				ENABLE_TESTABILITY = YES;
				GCC_C_LANGUAGE_STANDARD = gnu11;
				GCC_DYNAMIC_NO_PIC = NO;
				GCC_NO_COMMON_BLOCKS = YES;
				GCC_OPTIMIZATION_LEVEL = 0;
				GCC_PREPROCESSOR_DEFINITIONS = (
					"DEBUG=1",
					"$(inherited)",
				);
				GCC_WARN_64_TO_32_BIT_CONVERSION = YES;
				GCC_WARN_ABOUT_RETURN_TYPE = YES_ERROR;
				GCC_WARN_UNDECLARED_SELECTOR = YES;
				GCC_WARN_UNINITIALIZED_AUTOS = YES_AGGRESSIVE;
				GCC_WARN_UNUSED_FUNCTION = YES;
				GCC_WARN_UNUSED_VARIABLE = YES;
				IPHONEOS_DEPLOYMENT_TARGET = 13.6;
				MTL_ENABLE_DEBUG_INFO = INCLUDE_SOURCE;
				MTL_FAST_MATH = YES;
				ONLY_ACTIVE_ARCH = YES;
				SDKROOT = iphoneos;
				SWIFT_ACTIVE_COMPILATION_CONDITIONS = DEBUG;
				SWIFT_OPTIMIZATION_LEVEL = "-Onone";
			};
			name = Debug;
		};
		DF31922325319D40003485C2 /* Release */ = {
			isa = XCBuildConfiguration;
			buildSettings = {
				ALWAYS_SEARCH_USER_PATHS = NO;
				CLANG_ANALYZER_NONNULL = YES;
				CLANG_ANALYZER_NUMBER_OBJECT_CONVERSION = YES_AGGRESSIVE;
				CLANG_CXX_LANGUAGE_STANDARD = "gnu++14";
				CLANG_CXX_LIBRARY = "libc++";
				CLANG_ENABLE_MODULES = YES;
				CLANG_ENABLE_OBJC_ARC = YES;
				CLANG_ENABLE_OBJC_WEAK = YES;
				CLANG_WARN_BLOCK_CAPTURE_AUTORELEASING = YES;
				CLANG_WARN_BOOL_CONVERSION = YES;
				CLANG_WARN_COMMA = YES;
				CLANG_WARN_CONSTANT_CONVERSION = YES;
				CLANG_WARN_DEPRECATED_OBJC_IMPLEMENTATIONS = YES;
				CLANG_WARN_DIRECT_OBJC_ISA_USAGE = YES_ERROR;
				CLANG_WARN_DOCUMENTATION_COMMENTS = YES;
				CLANG_WARN_EMPTY_BODY = YES;
				CLANG_WARN_ENUM_CONVERSION = YES;
				CLANG_WARN_INFINITE_RECURSION = YES;
				CLANG_WARN_INT_CONVERSION = YES;
				CLANG_WARN_NON_LITERAL_NULL_CONVERSION = YES;
				CLANG_WARN_OBJC_IMPLICIT_RETAIN_SELF = YES;
				CLANG_WARN_OBJC_LITERAL_CONVERSION = YES;
				CLANG_WARN_OBJC_ROOT_CLASS = YES_ERROR;
				CLANG_WARN_RANGE_LOOP_ANALYSIS = YES;
				CLANG_WARN_STRICT_PROTOTYPES = YES;
				CLANG_WARN_SUSPICIOUS_MOVE = YES;
				CLANG_WARN_UNGUARDED_AVAILABILITY = YES_AGGRESSIVE;
				CLANG_WARN_UNREACHABLE_CODE = YES;
				CLANG_WARN__DUPLICATE_METHOD_MATCH = YES;
				COPY_PHASE_STRIP = NO;
				DEBUG_INFORMATION_FORMAT = "dwarf-with-dsym";
				ENABLE_NS_ASSERTIONS = NO;
				ENABLE_STRICT_OBJC_MSGSEND = YES;
				GCC_C_LANGUAGE_STANDARD = gnu11;
				GCC_NO_COMMON_BLOCKS = YES;
				GCC_WARN_64_TO_32_BIT_CONVERSION = YES;
				GCC_WARN_ABOUT_RETURN_TYPE = YES_ERROR;
				GCC_WARN_UNDECLARED_SELECTOR = YES;
				GCC_WARN_UNINITIALIZED_AUTOS = YES_AGGRESSIVE;
				GCC_WARN_UNUSED_FUNCTION = YES;
				GCC_WARN_UNUSED_VARIABLE = YES;
				IPHONEOS_DEPLOYMENT_TARGET = 13.6;
				MTL_ENABLE_DEBUG_INFO = NO;
				MTL_FAST_MATH = YES;
				SDKROOT = iphoneos;
				SWIFT_COMPILATION_MODE = wholemodule;
				SWIFT_OPTIMIZATION_LEVEL = "-O";
				VALIDATE_PRODUCT = YES;
			};
			name = Release;
		};
		DF31922525319D40003485C2 /* Debug */ = {
			isa = XCBuildConfiguration;
			baseConfigurationReference = D9FBF9C0564222C76DFF1F2D /* Pods-HealiosTest.debug.xcconfig */;
			buildSettings = {
				ASSETCATALOG_COMPILER_APPICON_NAME = AppIcon;
				CODE_SIGN_STYLE = Automatic;
				DEVELOPMENT_TEAM = C6HCDGQKJM;
				INFOPLIST_FILE = HealiosTest/Info.plist;
				LD_RUNPATH_SEARCH_PATHS = (
					"$(inherited)",
					"@executable_path/Frameworks",
				);
				PRODUCT_BUNDLE_IDENTIFIER = com.eugenioBarquin.HealiosTest;
				PRODUCT_NAME = "$(TARGET_NAME)";
				SWIFT_VERSION = 5.0;
				TARGETED_DEVICE_FAMILY = "1,2";
			};
			name = Debug;
		};
		DF31922625319D40003485C2 /* Release */ = {
			isa = XCBuildConfiguration;
			baseConfigurationReference = 9BC2941FA773630CC8A9E12F /* Pods-HealiosTest.release.xcconfig */;
			buildSettings = {
				ASSETCATALOG_COMPILER_APPICON_NAME = AppIcon;
				CODE_SIGN_STYLE = Automatic;
				DEVELOPMENT_TEAM = C6HCDGQKJM;
				INFOPLIST_FILE = HealiosTest/Info.plist;
				LD_RUNPATH_SEARCH_PATHS = (
					"$(inherited)",
					"@executable_path/Frameworks",
				);
				PRODUCT_BUNDLE_IDENTIFIER = com.eugenioBarquin.HealiosTest;
				PRODUCT_NAME = "$(TARGET_NAME)";
				SWIFT_VERSION = 5.0;
				TARGETED_DEVICE_FAMILY = "1,2";
			};
			name = Release;
		};
		DF31922825319D40003485C2 /* Debug */ = {
			isa = XCBuildConfiguration;
			baseConfigurationReference = 6942292C10E5062656B3C709 /* Pods-HealiosTestTests.debug.xcconfig */;
			buildSettings = {
				ALWAYS_EMBED_SWIFT_STANDARD_LIBRARIES = YES;
				BUNDLE_LOADER = "$(TEST_HOST)";
				CODE_SIGN_STYLE = Automatic;
				DEVELOPMENT_TEAM = C6HCDGQKJM;
				INFOPLIST_FILE = HealiosTestTests/Info.plist;
				IPHONEOS_DEPLOYMENT_TARGET = 13.6;
				LD_RUNPATH_SEARCH_PATHS = (
					"$(inherited)",
					"@executable_path/Frameworks",
					"@loader_path/Frameworks",
				);
				PRODUCT_BUNDLE_IDENTIFIER = com.eugenioBarquin.HealiosTestTests;
				PRODUCT_NAME = "$(TARGET_NAME)";
				SWIFT_VERSION = 5.0;
				TARGETED_DEVICE_FAMILY = "1,2";
				TEST_HOST = "$(BUILT_PRODUCTS_DIR)/HealiosTest.app/HealiosTest";
			};
			name = Debug;
		};
		DF31922925319D40003485C2 /* Release */ = {
			isa = XCBuildConfiguration;
			baseConfigurationReference = F9DF294F19407CFFE698F8CF /* Pods-HealiosTestTests.release.xcconfig */;
			buildSettings = {
				ALWAYS_EMBED_SWIFT_STANDARD_LIBRARIES = YES;
				BUNDLE_LOADER = "$(TEST_HOST)";
				CODE_SIGN_STYLE = Automatic;
				DEVELOPMENT_TEAM = C6HCDGQKJM;
				INFOPLIST_FILE = HealiosTestTests/Info.plist;
				IPHONEOS_DEPLOYMENT_TARGET = 13.6;
				LD_RUNPATH_SEARCH_PATHS = (
					"$(inherited)",
					"@executable_path/Frameworks",
					"@loader_path/Frameworks",
				);
				PRODUCT_BUNDLE_IDENTIFIER = com.eugenioBarquin.HealiosTestTests;
				PRODUCT_NAME = "$(TARGET_NAME)";
				SWIFT_VERSION = 5.0;
				TARGETED_DEVICE_FAMILY = "1,2";
				TEST_HOST = "$(BUILT_PRODUCTS_DIR)/HealiosTest.app/HealiosTest";
			};
			name = Release;
		};
/* End XCBuildConfiguration section */

/* Begin XCConfigurationList section */
		DF31920025319D3D003485C2 /* Build configuration list for PBXProject "HealiosTest" */ = {
			isa = XCConfigurationList;
			buildConfigurations = (
				DF31922225319D40003485C2 /* Debug */,
				DF31922325319D40003485C2 /* Release */,
			);
			defaultConfigurationIsVisible = 0;
			defaultConfigurationName = Release;
		};
		DF31922425319D40003485C2 /* Build configuration list for PBXNativeTarget "HealiosTest" */ = {
			isa = XCConfigurationList;
			buildConfigurations = (
				DF31922525319D40003485C2 /* Debug */,
				DF31922625319D40003485C2 /* Release */,
			);
			defaultConfigurationIsVisible = 0;
			defaultConfigurationName = Release;
		};
		DF31922725319D40003485C2 /* Build configuration list for PBXNativeTarget "HealiosTestTests" */ = {
			isa = XCConfigurationList;
			buildConfigurations = (
				DF31922825319D40003485C2 /* Debug */,
				DF31922925319D40003485C2 /* Release */,
			);
			defaultConfigurationIsVisible = 0;
			defaultConfigurationName = Release;
		};
/* End XCConfigurationList section */
	};
	rootObject = DF3191FD25319D3D003485C2 /* Project object */;
}
